
Microsoft Visual Studio Solution File, Format Version 12.00
# Visual Studio Version 16
VisualStudioVersion = 16.0.31019.35
MinimumVisualStudioVersion = 10.0.40219.1
Project("{F184B08F-C81C-45F6-A57F-5ABD9991F28F}") = "Web410818645", "Web410818645\Web410818645.vbproj", "{B2D12DE0-ADF9-45F0-9332-BD7FD2EC419E}"
EndProject
Global
	GlobalSection(SolutionConfigurationPlatforms) = preSolution
		Debug|Any CPU = Debug|Any CPU
		Release|Any CPU = Release|Any CPU
	EndGlobalSection
	GlobalSection(ProjectConfigurationPlatforms) = postSolution
		{B2D12DE0-ADF9-45F0-9332-BD7FD2EC419E}.Debug|Any CPU.ActiveCfg = Debug|Any CPU
		{B2D12DE0-ADF9-45F0-9332-BD7FD2EC419E}.Debug|Any CPU.Build.0 = Debug|Any CPU
		{B2D12DE0-ADF9-45F0-9332-BD7FD2EC419E}.Release|Any CPU.ActiveCfg = Release|Any CPU
		{B2D12DE0-ADF9-45F0-9332-BD7FD2EC419E}.Release|Any CPU.Build.0 = Release|Any CPU
	EndGlobalSection
	GlobalSection(SolutionProperties) = preSolution
		HideSolutionNode = FALSE
	EndGlobalSection
	GlobalSection(ExtensibilityGlobals) = postSolution
		SolutionGuid = {9BDCB019-4DC9-4D46-9B47-1E7DFDB7366D}
	EndGlobalSection
EndGlobal
